github.com/containerssh/geoip v0.9.3 h1:RDj46uxB3Ew7qoTHCUClBDkqULRZJOLxYf/VqPgEuK8=
github.com/containerssh/geoip v0.9.3/go.mod h1:8fyg4eUrKKY0FDyS7GofI6OO7UXDoG1icRtVAHb510k=
github.com/containerssh/geoip v0.9.4 h1:ugkbESJpitdObbSHdYNQfpoFJOlvxwNCX2ZHHnlVJzA=
github.com/containerssh/geoip v0.9.4/go.mod h1:JxyH+hKj7LfoXWmOMR5lQVrNJCpy42N3GNWSPEguq24=
github.com/containerssh/geoip v1.0.0 h1:7igZyJW9g6jwBhoYqCOVQ9hRXbW1p0DNyiz0/bXL0qY=
github.com/containerssh/geoip v1.0.0/go.mod h1:W6gNUH6EXmYb5Tk0EG5Qp57YsySLxmQGCMlYufinYuo=
github.com/containerssh/http v0.9.4/go.mod h1:KTBEbXRSdllIGOb+O6AURBCG+9vCEyo6AI+JCrI94Cw=
github.com/containerssh/http v0.9.7 h1:uAJa1ftiTh53awvnc0wb7zQAv/AyWpKClY/DcyUWAsk=
github.com/containerssh/http v0.9.7/go.mod h1:iSFsy8J/NCZNQfx6Eh4VeNnFnUamByVRlerm7L2s7S8=
github.com/containerssh/http v0.9.9 h1:28F8tw0pcwVUS3ClpvsaTVyCKvARLP8R4zqdbVQMrjo=
github.com/containerssh/http v0.9.9/go.mod h1:138EGp1m2eSk+MIPD837NAVMNzExedP5VvEnWl5B2gk=
github.com/containerssh/http v1.0.0 h1:tHkqLI5gAD3l4uxcJLYub/SMhExglXHJPpfnNnXFxQk=
github.com/containerssh/http v1.0.0/go.mod h1:tHVp3sGCX1J7NITtgn67aVQhj7QJv8s+KNrWeey/CSc=
github.com/containerssh/log v0.9.2/go.mod h1:05pgNm7IgFKt+qbZiUhtuJw2B4j3ynn2vSv5j2JA7hA=
github.com/containerssh/log v0.9.7/go.mod h1:NBMzkhOLZ4z45ShSBKQ/Ij6Hqqg15DgOKy6HlSITx0s=
github.com/containerssh/log v0.9.10/go.mod h1:NBMzkhOLZ4z45ShSBKQ/Ij6Hqqg15DgOKy6HlSITx0s=
github.com/containerssh/log v0.9.11 h1:CLpl9mhxBg4giLZjcZB+FjddYypm2f2x1bCY3iissdA=
github.com/containerssh/log v0.9.11/go.mod h1:uVuUPoZsJYi2KoV9+lgPeB/gWuXeUTD3AoVxc4y+tKY=
github.com/containerssh/log v0.9.12 h1:iEXDca90d6njCQpzvUWHghpEBxi0eeqVcCSmGwdDQNU=
github.com/containerssh/log v0.9.12/go.mod h1:uVuUPoZsJYi2KoV9+lgPeB/gWuXeUTD3AoVxc4y+tKY=
github.com/containerssh/log v0.9.13 h1:jBSrFaxZNGwkjHU6y/efYI8lyG8KIFR5aOIeOnNzquE=
github.com/containerssh/log v0.9.13/go.mod h1:uVuUPoZsJYi2KoV9+lgPeB/gWuXeUTD3AoVxc4y+tKY=
github.com/containerssh/log v1.0.0 h1:nOSqNqh7cXIa+Iy+Lx2CA+wpkrqDqcQh4EVoEvSaxU8=
github.com/containerssh/log v1.0.0/go.mod h1:7Gy+sx0H1UDtjYBySvK0CnXRRHPHZPXMsa9MYmLBI0I=
github.com/containerssh/metrics v0.9.6 h1:m4Q6IM8zZsghYCV978ZMqh9TQ6dkLWHDyYA5nHU2kpk=
github.com/containerssh/metrics v0.9.6/go.mod h1:yClAiBuFrIrmxQLyU/AjR1XNbqPIHg+m/Hb2EZrVtRE=
github.com/containerssh/metrics v0.9.8 h1:dJNb21Nd0IJxE1bEOevOrnwSinaMLuiZATwix0v4GxI=
github.com/containerssh/metrics v0.9.8/go.mod h1:+CIKiJ+XxdVUcnNwe2noB15YM4VR/hp3zQ4/vE1dHuI=
github.com/containerssh/metrics v1.0.0 h1:F7VLIzqZLrTJ6ayxoVtBZQ4kyHiE1AIYOOwZ3+8yNko=
github.com/containerssh/metrics v1.0.0/go.mod h1:4k7i71jHFJVpeBL+6uU6h5p/E0suHK+YF0KFZs5rCqs=
github.com/containerssh/service v0.9.0/go.mod h1:otAKYF1MWy2eB0K7Sk7YQIECQMTHR3yikbyS1UstGpY=
github.com/containerssh/service v0.9.2 h1:+EZ7s7sxSme+IosYBR24oNhVlPTz3GJTXBZ0HaSD9rU=
github.com/containerssh/service v0.9.2/go.mod h1:nbA2I+GL0vU7ls0JEQKI+QOJfbUjlIDmmUSQqx/G7ro=
github.com/containerssh/service v0.9.3 h1:mYpvZ9zxUrKL8OpBen86heXfGtdUGdtfZ3Y7P605zvQ=
github.com/containerssh/service v0.9.3/go.mod h1:Yeq3hwfM6js9TfpkrQAQhv5IRfurrGEkM+AbFEC9KCE=
github.com/containerssh/service v1.0.0 h1:+AcBsmeaR0iMDnemXJ6OgeTEYB3C0YJF3h03MNIo1Ak=
github.com/containerssh/service v1.0.0/go.mod h1:FmYg3jc56WBvxyx5rvXCkJbIsmweNTeYSr/9z2n2qsI=
github.com/containerssh/structutils v0.9.0 h1:pz4xl5ZrPnpdSx7B/ru8Fj3oU3vOtx1jprIuSkm5s7o=
github.com/containerssh/structutils v0.9.0/go.mod h1:zirdwNXan3kuTpsJp9Gl3W6VQz0fexqMySqxmfviSjw=
github.com/containerssh/structutils v1.0.0/go.mod h1:Dp5tCtnkT19A9BFNP4+flL5R+THvBgp95eO640fR+ow=
github.com/creasty/defaults v1.5.1 h1:j8WexcS3d/t4ZmllX4GEkl4wIB/trOr035ajcLHCISM=
github.com/creasty/defaults v1.5.1/go.mod h1:FPZ+Y0WNrbqOVw+c6av63eyHUAl6pMHZwqLPvXUZGfY=
github.com/davecgh/go-spew v1.1.0/go.mod h1:J7Y8YcW2NihsgmVo/mv3lAwl/skON4iLHjSsI+c5H38=
github.com/davecgh/go-spew v1.1.1 h1:vj9j/u1bqnvCEfJOwUhtlOARqs3+rkHYY13jYWTU97c=
github.com/davecgh/go-spew v1.1.1/go.mod h1:J7Y8YcW2NihsgmVo/mv3lAwl/skON4iLHjSsI+c5H38=
github.com/fzipp/gocyclo v0.3.1/go.mod h1:DJHO6AUmbdqj2ET4Z9iArSuwWgYDRryYt2wASxc7x3E=
github.com/gordonklaus/ineffassign v0.0.0-20200809085317-e36bfde3bb78/go.mod h1:cuNKsD1zp2v6XfE/orVX2QE1LC+i254ceGcVeDT3pTU=
github.com/imdario/mergo v0.3.11 h1:3tnifQM4i+fbajXKBHXWEH+KvNHqojZ778UH75j3bGA=
github.com/imdario/mergo v0.3.11/go.mod h1:jmQim1M+e3UYxmgPu/WyfjB3N3VflVyUjjjwH0dnCYA=
github.com/imdario/mergo v0.3.12/go.mod h1:jmQim1M+e3UYxmgPu/WyfjB3N3VflVyUjjjwH0dnCYA=
github.com/kr/pty v1.1.1/go.mod h1:pFQYn66WHrOpPYNljwOMqo10TkYh1fy3cYio2l3bCsQ=
github.com/kr/text v0.1.0 h1:45sCR5RtlFHMR4UwH9sdQ5TC8v0qDQCHnXt+kaKSTVE=
github.com/kr/text v0.1.0/go.mod h1:4Jbv+DJW3UT/LiOwJeYQe1efqtUx/iVham/4vfdArNI=
github.com/niemeyer/pretty v0.0.0-20200227124842-a10e7caefd8e h1:fD57ERR4JtEqsWbfPhv4DMiApHyliiK5xCTNVSPiaAs=
github.com/niemeyer/pretty v0.0.0-20200227124842-a10e7caefd8e/go.mod h1:zD1mROLANZcx1PVRCS0qkT7pwLkGfwJo4zjcN/Tysno=
github.com/oschwald/geoip2-golang v1.4.0 h1:5RlrjCgRyIGDz/mBmPfnAF4h8k0IAcRv9PvrpOfz+Ug=
github.com/oschwald/geoip2-golang v1.4.0/go.mod h1:8QwxJvRImBH+Zl6Aa6MaIcs5YdlZSTKtzmPGzQqi9ng=
github.com/oschwald/geoip2-golang v1.5.0 h1:igg2yQIrrcRccB1ytFXqBfOHCjXWIoMv85lVJ1ONZzw=
github.com/oschwald/geoip2-golang v1.5.0/go.mod h1:xdvYt5xQzB8ORWFqPnqMwZpCpgNagttWdoZLlJQzg7s=
github.com/oschwald/maxminddb-golang v1.6.0 h1:KAJSjdHQ8Kv45nFIbtoLGrGWqHFajOIm7skTyz/+Dls=
github.com/oschwald/maxminddb-golang v1.6.0/go.mod h1:DUJFucBg2cvqx42YmDa/+xHvb0elJtOm3o4aFQ/nb/w=
github.com/oschwald/maxminddb-golang v1.8.0 h1:Uh/DSnGoxsyp/KYbY1AuP0tYEwfs0sCph9p/UMXK/Hk=
github.com/oschwald/maxminddb-golang v1.8.0/go.mod h1:RXZtst0N6+FY/3qCNmZMBApR19cdQj43/NM9VkrNAis=
github.com/pmezard/go-difflib v1.0.0 h1:4DBwDE0NGyQoBHbLQYPwSUPoCMWR5BEzIk/f1lZbAQM=
github.com/pmezard/go-difflib v1.0.0/go.mod h1:iKH77koFhYxTK1pcRnkKkqfTogsbg7gZNVY4sRDYZ/4=
github.com/qdm12/reprint v0.0.0-20200326205758-722754a53494 h1:wSmWgpuccqS2IOfmYrbRiUgv+g37W5suLLLxwwniTSc=
github.com/qdm12/reprint v0.0.0-20200326205758-722754a53494/go.mod h1:yipyliwI08eQ6XwDm1fEwKPdF/xdbkiHtrU+1Hg+vc4=
github.com/stretchr/objx v0.1.0/go.mod h1:HFkY916IF+rwdDfMAkV7OtwuqBVzrE8GR6GFx+wExME=
github.com/stretchr/testify v1.4.0/go.mod h1:j7eGeouHqKxXV5pUuKE4zz7dFj8WfuZ+81PSLYec5m4=
github.com/stretchr/testify v1.6.1/go.mod h1:6Fq8oRcR53rry900zMqJjRRixrwX3KX962/h/Wwjteg=
github.com/stretchr/testify v1.7.0 h1:nwc3DEeHmmLAfoZucVR881uASk0Mfjw8xYJ99tb5CcY=
github.com/stretchr/testify v1.7.0/go.mod h1:6Fq8oRcR53rry900zMqJjRRixrwX3KX962/h/Wwjteg=
github.com/yuin/goldmark v1.2.1/go.mod h1:3hX8gzYuyVAZsxl0MRgGTJEmQBFcNTphYh9decYSb74=
golang.org/x/crypto v0.0.0-20190308221718-c2843e01d9a2/go.mod h1:djNgcEr1/C05ACkg1iLfiJU5Ep61QUkGW8qpdssI0+w=
golang.org/x/crypto v0.0.0-20191011191535-87dc89f01550/go.mod h1:yigFU9vqHzYiE8UmvKecakEJjdnWj3jj499lnFckfCI=
golang.org/x/crypto v0.0.0-20200622213623-75b288015ac9/go.mod h1:LzIPMQfyMNhhGPhUkYOs5KpL4U8rLKemX1yGLhDgUto=
golang.org/x/lint v0.0.0-20200302205851-738671d3881b/go.mod h1:3xt1FjdF8hUf6vQPIChWIBhFzV8gjjsPE/fR3IyQdNY=
golang.org/x/mod v0.1.1-0.20191105210325-c90efee705ee/go.mod h1:QqPTAvyqsEbceGzBzNggFXnrqF1CaUcvgkdR5Ot7KZg=
golang.org/x/mod v0.3.0/go.mod h1:s0Qsj1ACt9ePp/hMypM3fl4fZqREWJwdYDEqhRiZZUA=
golang.org/x/net v0.0.0-20190404232315-eb5bcb51f2a3/go.mod h1:t9HGtf8HONx5eT2rtn7q6eTqICYqUVnKs3thJo3Qplg=
golang.org/x/net v0.0.0-20190620200207-3b0461eec859/go.mod h1:z5CRVTTTmAJ677TzLLGU+0bjPO0LkuOLi4/5GtJWs/s=
golang.org/x/net v0.0.0-20201021035429-f5854403a974/go.mod h1:sp8m0HH+o8qH0wwXwYZr8TS3Oi6o0r6Gce1SSxlDquU=
golang.org/x/sync v0.0.0-20190423024810-112230192c58/go.mod h1:RxMgew5VJxzue5/jJTE5uejpjVlOe/izrB70Jof72aM=
golang.org/x/sync v0.0.0-20201020160332-67f06af15bc9/go.mod h1:RxMgew5VJxzue5/jJTE5uejpjVlOe/izrB70Jof72aM=
golang.org/x/sys v0.0.0-20190215142949-d0b11bdaac8a/go.mod h1:STP8DvDyc/dI5b8T5hshtkjS+E42TnysNCUPdjciGhY=
golang.org/x/sys v0.0.0-20190412213103-97732733099d/go.mod h1:h1NjWce9XRLGQEsW7wpKNCjG9DtNlClVuFLEZdDNbEs=
golang.org/x/sys v0.0.0-20191224085550-c709ea063b76 h1:Dho5nD6R3PcW2SH1or8vS0dszDaXRxIw55lBX7XiE5g=
golang.org/x/sys v0.0.0-20191224085550-c709ea063b76/go.mod h1:h1NjWce9XRLGQEsW7wpKNCjG9DtNlClVuFLEZdDNbEs=
golang.org/x/sys v0.0.0-20200930185726-fdedc70b468f h1:+Nyd8tzPX9R7BWHguqsrbFdRx3WQ/1ib8I44HXV5yTA=
golang.org/x/sys v0.0.0-20200930185726-fdedc70b468f/go.mod h1:h1NjWce9XRLGQEsW7wpKNCjG9DtNlClVuFLEZdDNbEs=
golang.org/x/sys v0.0.0-20210320140829-1e4c9ba3b0c4 h1:EZ2mChiOa8udjfp6rRmswTbtZN/QzUQp4ptM4rnjHvc=
golang.org/x/sys v0.0.0-20210320140829-1e4c9ba3b0c4/go.mod h1:h1NjWce9XRLGQEsW7wpKNCjG9DtNlClVuFLEZdDNbEs=
golang.org/x/text v0.3.0/go.mod h1:NqM8EUOU14njkJ3fqMW+pc6Ldnwhi/IjpwHt7yyuwOQ=
golang.org/x/text v0.3.3/go.mod h1:5Zoc/QRtKVWzQhOtBMvqHzDpF6irO9z98xDceosuGiQ=
golang.org/x/tools v0.0.0-20180917221912-90fa682c2a6e/go.mod h1:n7NCudcB/nEzxVGmLbDWY5pfWTLqBcC2KZ6jyYvM4mQ=
golang.org/x/tools v0.0.0-20191119224855-298f0cb1881e/go.mod h1:b+2E5dAYhXwXZwtnZ6UAqBI28+e2cm9otk0dWdXHAEo=
golang.org/x/tools v0.0.0-20200130002326-2f3ba24bd6e7/go.mod h1:TB2adYChydJhpapKDTa4BR/hXlZSLoq2Wpct/0txZ28=
golang.org/x/tools v0.0.0-20201105001634-bc3cf281b174/go.mod h1:emZCQorbCU4vsT4fOWvOPXz4eW1wZW4PmDk9uLelYpA=
golang.org/x/xerrors v0.0.0-20190717185122-a985d3407aa7/go.mod h1:I/5z698sn9Ka8TeJc9MKroUUfqBBauWjQqLJ2OPfmY0=
golang.org/x/xerrors v0.0.0-20191011141410-1b5146add898/go.mod h1:I/5z698sn9Ka8TeJc9MKroUUfqBBauWjQqLJ2OPfmY0=
golang.org/x/xerrors v0.0.0-20200804184101-5ec99f83aff1/go.mod h1:I/5z698sn9Ka8TeJc9MKroUUfqBBauWjQqLJ2OPfmY0=
gopkg.in/check.v1 v0.0.0-20161208181325-20d25e280405/go.mod h1:Co6ibVJAznAaIkqp8huTwlJQCZ016jof/cbN4VW5Yz0=
gopkg.in/check.v1 v1.0.0-20200227125254-8fa46927fb4f h1:BLraFXnmrev5lT+xlilqcH8XK9/i0At2xKjWk4p6zsU=
gopkg.in/check.v1 v1.0.0-20200227125254-8fa46927fb4f/go.mod h1:Co6ibVJAznAaIkqp8huTwlJQCZ016jof/cbN4VW5Yz0=
gopkg.in/yaml.v2 v2.2.2/go.mod h1:hI93XBmqTisBFMUTm0b8Fm+jr3Dg1NNxqwp+5A1VGuI=
gopkg.in/yaml.v2 v2.2.8/go.mod h1:hI93XBmqTisBFMUTm0b8Fm+jr3Dg1NNxqwp+5A1VGuI=
gopkg.in/yaml.v2 v2.3.0 h1:clyUAQHOM3G0M3f5vQj7LuJrETvjVot3Z5el9nffUtU=
gopkg.in/yaml.v2 v2.3.0/go.mod h1:hI93XBmqTisBFMUTm0b8Fm+jr3Dg1NNxqwp+5A1VGuI=
gopkg.in/yaml.v3 v3.0.0-20200313102051-9f266ea9e77c h1:dUUwHk2QECo/6vqA44rthZ8ie2QXMNeKRTHCNY2nXvo=
gopkg.in/yaml.v3 v3.0.0-20200313102051-9f266ea9e77c/go.mod h1:K4uyk7z7BCEPqu6E+C64Yfv1cQ7kz7rIZviUmN+EgEM=
gopkg.in/yaml.v3 v3.0.0-20210107192922-496545a6307b h1:h8qDotaEPuJATrMmW04NCwg7v22aHH28wwpauUhK9Oo=
gopkg.in/yaml.v3 v3.0.0-20210107192922-496545a6307b/go.mod h1:K4uyk7z7BCEPqu6E+C64Yfv1cQ7kz7rIZviUmN+EgEM=
